
Microsoft Visual Studio Solution File, Format Version 12.00
# Visual Studio 15
VisualStudioVersion = 15.0.28307.779
MinimumVisualStudioVersion = 10.0.40219.1
Project("{FAE04EC0-301F-11D3-BF4B-00C04F79EFBC}") = "DapperTest", "DapperTest\DapperTest.csproj", "{5974CAA9-5447-4EF9-893B-4F659D6565D2}"
EndProject
Global
	GlobalSection(SolutionConfigurationPlatforms) = preSolution
		Debug|Any CPU = Debug|Any CPU
		Release|Any CPU = Release|Any CPU
	EndGlobalSection
	GlobalSection(ProjectConfigurationPlatforms) = postSolution
		{5974CAA9-5447-4EF9-893B-4F659D6565D2}.Debug|Any CPU.ActiveCfg = Debug|Any CPU
		{5974CAA9-5447-4EF9-893B-4F659D6565D2}.Debug|Any CPU.Build.0 = Debug|Any CPU
		{5974CAA9-5447-4EF9-893B-4F659D6565D2}.Release|Any CPU.ActiveCfg = Release|Any CPU
		{5974CAA9-5447-4EF9-893B-4F659D6565D2}.Release|Any CPU.Build.0 = Release|Any CPU
	EndGlobalSection
	GlobalSection(SolutionProperties) = preSolution
		HideSolutionNode = FALSE
	EndGlobalSection
	GlobalSection(ExtensibilityGlobals) = postSolution
		SolutionGuid = {3FD8A184-1A16-4EC4-A2CB-B0B689C988B0}
	EndGlobalSection
EndGlobal
